
Microsoft Visual Studio Solution File, Format Version 12.00
# Visual Studio Version 17
VisualStudioVersion = 17.0.31903.59
MinimumVisualStudioVersion = 10.0.40219.1
Project("{2150E333-8FDC-42A3-9474-1A3956D46DE8}") = "src", "src", "{827E0CD3-B72D-47B6-A68D-7590B98EB39B}"
EndProject
Project("{FAE04EC0-301F-11D3-BF4B-00C04F79EFBC}") = "SRN.CC.Core", "src\SRN.CC.Core\SRN.CC.Core.csproj", "{00641146-1D36-46FA-9989-94F560DD03CD}"
EndProject
Project("{FAE04EC0-301F-11D3-BF4B-00C04F79EFBC}") = "SRN.CC.Formats", "src\SRN.CC.Formats\SRN.CC.Formats.csproj", "{B12B3B52-208C-4F63-B9E2-B605B9FAF013}"
EndProject
Project("{FAE04EC0-301F-11D3-BF4B-00C04F79EFBC}") = "SRN.CC.Infrastructure", "src\SRN.CC.Infrastructure\SRN.CC.Infrastructure.csproj", "{2A7A90CD-19B8-4035-8604-76D7632CFCC4}"
EndProject
Project("{FAE04EC0-301F-11D3-BF4B-00C04F79EFBC}") = "SRN.CC.Preview", "src\SRN.CC.Preview\SRN.CC.Preview.csproj", "{171E887B-2C8D-4E6C-9602-2A323B153BC9}"
EndProject
Project("{FAE04EC0-301F-11D3-BF4B-00C04F79EFBC}") = "SRN.CC.App", "src\SRN.CC.App\SRN.CC.App.csproj", "{197D1266-7318-42D2-BC17-A734E2B04AFB}"
EndProject
Project("{2150E333-8FDC-42A3-9474-1A3956D46DE8}") = "tests", "tests", "{0AB3BF05-4346-4AA6-1389-037BE0695223}"
EndProject
Project("{FAE04EC0-301F-11D3-BF4B-00C04F79EFBC}") = "SRN.CC.Tests", "tests\SRN.CC.Tests\SRN.CC.Tests.csproj", "{EEC85890-4E04-40C4-98A7-D02DD2C74042}"
EndProject
Project("{FAE04EC0-301F-11D3-BF4B-00C04F79EFBC}") = "SRN.CC.CorpusTests", "tests\SRN.CC.CorpusTests\SRN.CC.CorpusTests.csproj", "{B693C368-B148-4E2E-A2CF-A32835EA9D6D}"
EndProject
Global
	GlobalSection(SolutionConfigurationPlatforms) = preSolution
		Debug|Any CPU = Debug|Any CPU
		Debug|x64 = Debug|x64
		Debug|x86 = Debug|x86
		Release|Any CPU = Release|Any CPU
		Release|x64 = Release|x64
		Release|x86 = Release|x86
	EndGlobalSection
	GlobalSection(ProjectConfigurationPlatforms) = postSolution
		{00641146-1D36-46FA-9989-94F560DD03CD}.Debug|Any CPU.ActiveCfg = Debug|Any CPU
		{00641146-1D36-46FA-9989-94F560DD03CD}.Debug|Any CPU.Build.0 = Debug|Any CPU
		{00641146-1D36-46FA-9989-94F560DD03CD}.Debug|x64.ActiveCfg = Debug|Any CPU
		{00641146-1D36-46FA-9989-94F560DD03CD}.Debug|x64.Build.0 = Debug|Any CPU
		{00641146-1D36-46FA-9989-94F560DD03CD}.Debug|x86.ActiveCfg = Debug|Any CPU
		{00641146-1D36-46FA-9989-94F560DD03CD}.Debug|x86.Build.0 = Debug|Any CPU
		{00641146-1D36-46FA-9989-94F560DD03CD}.Release|Any CPU.ActiveCfg = Release|Any CPU
		{00641146-1D36-46FA-9989-94F560DD03CD}.Release|Any CPU.Build.0 = Release|Any CPU
		{00641146-1D36-46FA-9989-94F560DD03CD}.Release|x64.ActiveCfg = Release|Any CPU
		{00641146-1D36-46FA-9989-94F560DD03CD}.Release|x64.Build.0 = Release|Any CPU
		{00641146-1D36-46FA-9989-94F560DD03CD}.Release|x86.ActiveCfg = Release|Any CPU
		{00641146-1D36-46FA-9989-94F560DD03CD}.Release|x86.Build.0 = Release|Any CPU
		{B12B3B52-208C-4F63-B9E2-B605B9FAF013}.Debug|Any CPU.ActiveCfg = Debug|Any CPU
		{B12B3B52-208C-4F63-B9E2-B605B9FAF013}.Debug|Any CPU.Build.0 = Debug|Any CPU
		{B12B3B52-208C-4F63-B9E2-B605B9FAF013}.Debug|x64.ActiveCfg = Debug|Any CPU
		{B12B3B52-208C-4F63-B9E2-B605B9FAF013}.Debug|x64.Build.0 = Debug|Any CPU
		{B12B3B52-208C-4F63-B9E2-B605B9FAF013}.Debug|x86.ActiveCfg = Debug|Any CPU
		{B12B3B52-208C-4F63-B9E2-B605B9FAF013}.Debug|x86.Build.0 = Debug|Any CPU
		{B12B3B52-208C-4F63-B9E2-B605B9FAF013}.Release|Any CPU.ActiveCfg = Release|Any CPU
		{B12B3B52-208C-4F63-B9E2-B605B9FAF013}.Release|Any CPU.Build.0 = Release|Any CPU
		{B12B3B52-208C-4F63-B9E2-B605B9FAF013}.Release|x64.ActiveCfg = Release|Any CPU
		{B12B3B52-208C-4F63-B9E2-B605B9FAF013}.Release|x64.Build.0 = Release|Any CPU
		{B12B3B52-208C-4F63-B9E2-B605B9FAF013}.Release|x86.ActiveCfg = Release|Any CPU
		{B12B3B52-208C-4F63-B9E2-B605B9FAF013}.Release|x86.Build.0 = Release|Any CPU
		{2A7A90CD-19B8-4035-8604-76D7632CFCC4}.Debug|Any CPU.ActiveCfg = Debug|Any CPU
		{2A7A90CD-19B8-4035-8604-76D7632CFCC4}.Debug|Any CPU.Build.0 = Debug|Any CPU
		{2A7A90CD-19B8-4035-8604-76D7632CFCC4}.Debug|x64.ActiveCfg = Debug|Any CPU
		{2A7A90CD-19B8-4035-8604-76D7632CFCC4}.Debug|x64.Build.0 = Debug|Any CPU
		{2A7A90CD-19B8-4035-8604-76D7632CFCC4}.Debug|x86.ActiveCfg = Debug|Any CPU
		{2A7A90CD-19B8-4035-8604-76D7632CFCC4}.Debug|x86.Build.0 = Debug|Any CPU
		{2A7A90CD-19B8-4035-8604-76D7632CFCC4}.Release|Any CPU.ActiveCfg = Release|Any CPU
		{2A7A90CD-19B8-4035-8604-76D7632CFCC4}.Release|Any CPU.Build.0 = Release|Any CPU
		{2A7A90CD-19B8-4035-8604-76D7632CFCC4}.Release|x64.ActiveCfg = Release|Any CPU
		{2A7A90CD-19B8-4035-8604-76D7632CFCC4}.Release|x64.Build.0 = Release|Any CPU
		{2A7A90CD-19B8-4035-8604-76D7632CFCC4}.Release|x86.ActiveCfg = Release|Any CPU
		{2A7A90CD-19B8-4035-8604-76D7632CFCC4}.Release|x86.Build.0 = Release|Any CPU
		{171E887B-2C8D-4E6C-9602-2A323B153BC9}.Debug|Any CPU.ActiveCfg = Debug|Any CPU
		{171E887B-2C8D-4E6C-9602-2A323B153BC9}.Debug|Any CPU.Build.0 = Debug|Any CPU
		{171E887B-2C8D-4E6C-9602-2A323B153BC9}.Debug|x64.ActiveCfg = Debug|Any CPU
		{171E887B-2C8D-4E6C-9602-2A323B153BC9}.Debug|x64.Build.0 = Debug|Any CPU
		{171E887B-2C8D-4E6C-9602-2A323B153BC9}.Debug|x86.ActiveCfg = Debug|Any CPU
		{171E887B-2C8D-4E6C-9602-2A323B153BC9}.Debug|x86.Build.0 = Debug|Any CPU
		{171E887B-2C8D-4E6C-9602-2A323B153BC9}.Release|Any CPU.ActiveCfg = Release|Any CPU
		{171E887B-2C8D-4E6C-9602-2A323B153BC9}.Release|Any CPU.Build.0 = Release|Any CPU
		{171E887B-2C8D-4E6C-9602-2A323B153BC9}.Release|x64.ActiveCfg = Release|Any CPU
		{171E887B-2C8D-4E6C-9602-2A323B153BC9}.Release|x64.Build.0 = Release|Any CPU
		{171E887B-2C8D-4E6C-9602-2A323B153BC9}.Release|x86.ActiveCfg = Release|Any CPU
		{171E887B-2C8D-4E6C-9602-2A323B153BC9}.Release|x86.Build.0 = Release|Any CPU
		{197D1266-7318-42D2-BC17-A734E2B04AFB}.Debug|Any CPU.ActiveCfg = Debug|Any CPU
		{197D1266-7318-42D2-BC17-A734E2B04AFB}.Debug|Any CPU.Build.0 = Debug|Any CPU
		{197D1266-7318-42D2-BC17-A734E2B04AFB}.Debug|x64.ActiveCfg = Debug|Any CPU
		{197D1266-7318-42D2-BC17-A734E2B04AFB}.Debug|x64.Build.0 = Debug|Any CPU
		{197D1266-7318-42D2-BC17-A734E2B04AFB}.Debug|x86.ActiveCfg = Debug|Any CPU
		{197D1266-7318-42D2-BC17-A734E2B04AFB}.Debug|x86.Build.0 = Debug|Any CPU
		{197D1266-7318-42D2-BC17-A734E2B04AFB}.Release|Any CPU.ActiveCfg = Release|Any CPU
		{197D1266-7318-42D2-BC17-A734E2B04AFB}.Release|Any CPU.Build.0 = Release|Any CPU
		{197D1266-7318-42D2-BC17-A734E2B04AFB}.Release|x64.ActiveCfg = Release|Any CPU
		{197D1266-7318-42D2-BC17-A734E2B04AFB}.Release|x64.Build.0 = Release|Any CPU
		{197D1266-7318-42D2-BC17-A734E2B04AFB}.Release|x86.ActiveCfg = Release|Any CPU
		{197D1266-7318-42D2-BC17-A734E2B04AFB}.Release|x86.Build.0 = Release|Any CPU
		{EEC85890-4E04-40C4-98A7-D02DD2C74042}.Debug|Any CPU.ActiveCfg = Debug|Any CPU
		{EEC85890-4E04-40C4-98A7-D02DD2C74042}.Debug|Any CPU.Build.0 = Debug|Any CPU
		{EEC85890-4E04-40C4-98A7-D02DD2C74042}.Debug|x64.ActiveCfg = Debug|Any CPU
		{EEC85890-4E04-40C4-98A7-D02DD2C74042}.Debug|x64.Build.0 = Debug|Any CPU
		{EEC85890-4E04-40C4-98A7-D02DD2C74042}.Debug|x86.ActiveCfg = Debug|Any CPU
		{EEC85890-4E04-40C4-98A7-D02DD2C74042}.Debug|x86.Build.0 = Debug|Any CPU
		{EEC85890-4E04-40C4-98A7-D02DD2C74042}.Release|Any CPU.ActiveCfg = Release|Any CPU
		{EEC85890-4E04-40C4-98A7-D02DD2C74042}.Release|Any CPU.Build.0 = Release|Any CPU
		{EEC85890-4E04-40C4-98A7-D02DD2C74042}.Release|x64.ActiveCfg = Release|Any CPU
		{EEC85890-4E04-40C4-98A7-D02DD2C74042}.Release|x64.Build.0 = Release|Any CPU
		{EEC85890-4E04-40C4-98A7-D02DD2C74042}.Release|x86.ActiveCfg = Release|Any CPU
		{EEC85890-4E04-40C4-98A7-D02DD2C74042}.Release|x86.Build.0 = Release|Any CPU
		{B693C368-B148-4E2E-A2CF-A32835EA9D6D}.Debug|Any CPU.ActiveCfg = Debug|Any CPU
		{B693C368-B148-4E2E-A2CF-A32835EA9D6D}.Debug|Any CPU.Build.0 = Debug|Any CPU
		{B693C368-B148-4E2E-A2CF-A32835EA9D6D}.Debug|x64.ActiveCfg = Debug|Any CPU
		{B693C368-B148-4E2E-A2CF-A32835EA9D6D}.Debug|x64.Build.0 = Debug|Any CPU
		{B693C368-B148-4E2E-A2CF-A32835EA9D6D}.Debug|x86.ActiveCfg = Debug|Any CPU
		{B693C368-B148-4E2E-A2CF-A32835EA9D6D}.Debug|x86.Build.0 = Debug|Any CPU
		{B693C368-B148-4E2E-A2CF-A32835EA9D6D}.Release|Any CPU.ActiveCfg = Release|Any CPU
		{B693C368-B148-4E2E-A2CF-A32835EA9D6D}.Release|Any CPU.Build.0 = Release|Any CPU
		{B693C368-B148-4E2E-A2CF-A32835EA9D6D}.Release|x64.ActiveCfg = Release|Any CPU
		{B693C368-B148-4E2E-A2CF-A32835EA9D6D}.Release|x64.Build.0 = Release|Any CPU
		{B693C368-B148-4E2E-A2CF-A32835EA9D6D}.Release|x86.ActiveCfg = Release|Any CPU
		{B693C368-B148-4E2E-A2CF-A32835EA9D6D}.Release|x86.Build.0 = Release|Any CPU
	EndGlobalSection
	GlobalSection(SolutionProperties) = preSolution
		HideSolutionNode = FALSE
	EndGlobalSection
	GlobalSection(NestedProjects) = preSolution
		{00641146-1D36-46FA-9989-94F560DD03CD} = {827E0CD3-B72D-47B6-A68D-7590B98EB39B}
		{B12B3B52-208C-4F63-B9E2-B605B9FAF013} = {827E0CD3-B72D-47B6-A68D-7590B98EB39B}
		{2A7A90CD-19B8-4035-8604-76D7632CFCC4} = {827E0CD3-B72D-47B6-A68D-7590B98EB39B}
		{171E887B-2C8D-4E6C-9602-2A323B153BC9} = {827E0CD3-B72D-47B6-A68D-7590B98EB39B}
		{197D1266-7318-42D2-BC17-A734E2B04AFB} = {827E0CD3-B72D-47B6-A68D-7590B98EB39B}
		{EEC85890-4E04-40C4-98A7-D02DD2C74042} = {0AB3BF05-4346-4AA6-1389-037BE0695223}
		{B693C368-B148-4E2E-A2CF-A32835EA9D6D} = {0AB3BF05-4346-4AA6-1389-037BE0695223}
	EndGlobalSection
EndGlobal
